
Microsoft Visual Studio Solution File, Format Version 12.00
# Visual Studio Version 17
VisualStudioVersion = 17.10.35122.118
MinimumVisualStudioVersion = 10.0.40219.1
Project("{FAE04EC0-301F-11D3-BF4B-00C04F79EFBC}") = "Example6ProcessesList", "Example6ProcessesList.csproj", "{8ED74077-26D4-4477-98C7-C7081A3D6690}"
EndProject
Global
	GlobalSection(SolutionConfigurationPlatforms) = preSolution
		Debug|Any CPU = Debug|Any CPU
		Release|Any CPU = Release|Any CPU
	EndGlobalSection
	GlobalSection(ProjectConfigurationPlatforms) = postSolution
		{8ED74077-26D4-4477-98C7-C7081A3D6690}.Debug|Any CPU.ActiveCfg = Debug|Any CPU
		{8ED74077-26D4-4477-98C7-C7081A3D6690}.Debug|Any CPU.Build.0 = Debug|Any CPU
		{8ED74077-26D4-4477-98C7-C7081A3D6690}.Release|Any CPU.ActiveCfg = Release|Any CPU
		{8ED74077-26D4-4477-98C7-C7081A3D6690}.Release|Any CPU.Build.0 = Release|Any CPU
	EndGlobalSection
	GlobalSection(SolutionProperties) = preSolution
		HideSolutionNode = FALSE
	EndGlobalSection
	GlobalSection(ExtensibilityGlobals) = postSolution
		SolutionGuid = {DCDAEA0A-E223-4E20-8D7C-C25038BDB310}
	EndGlobalSection
EndGlobal
